PODS:
  - ArcGIS-Runtime-SDK-iOS (100.1.0)
  - Cartography (2.0.0)
  - Hyphenate (3.3.4.1)

DEPENDENCIES:
  - ArcGIS-Runtime-SDK-iOS (~> 100.1.0)
  - Cartography
  - Hyphenate (~> 3.3.1)

SPEC CHECKSUMS:
  ArcGIS-Runtime-SDK-iOS: 9b9c2478c974ef0b704b853948a19227f3124ceb
  Cartography: d295eb25ab54bb57eecd8c2f04e9648c850f1281
  Hyphenate: dc7709bf976ff7f23565d0902bec2d3f236ed67e

PODFILE CHECKSUM: bcadf9b8c4d9545802113c8ff3743437da5e51ae

COCOAPODS: 1.3.1
