PODS:
  - ArcGIS-Runtime-SDK-iOS (100.0.0)
  - Cartography (1.1.0)
  - Hyphenate (3.3.1)

DEPENDENCIES:
  - ArcGIS-Runtime-SDK-iOS
  - Cartography
  - Hyphenate (~> 3.3.1)

SPEC CHECKSUMS:
  ArcGIS-Runtime-SDK-iOS: c96fbd2cf77678c75f54c69f341678fab2177bcf
  Cartography: 0538ccb4044acbbda2266335fc58cb4228794d90
  Hyphenate: 48dd9475340ada20c03a644afc9cb2f13df8f697

PODFILE CHECKSUM: d5bc0bb009f3f19ec5c0787834e0c6e5d1659f97

COCOAPODS: 1.3.1
