// !$*UTF8*$!
{
	archiveVersion = 1;
	classes = {
	};
	objectVersion = 46;
	objects = {

/* Begin PBXBuildFile section */
		88068DB71F6E3C84001A3186 /* ToasterHandler.swift in Sources */ = {isa = PBXBuildFile; fileRef = 88068DB61F6E3C84001A3186 /* ToasterHandler.swift */; };
		88068DB91F6E3C9F001A3186 /* ToasterView.swift in Sources */ = {isa = PBXBuildFile; fileRef = 88068DB81F6E3C9F001A3186 /* ToasterView.swift */; };
		88068DBB1F6E3CBB001A3186 /* ToasterViewDelegate.swift in Sources */ = {isa = PBXBuildFile; fileRef = 88068DBA1F6E3CBB001A3186 /* ToasterViewDelegate.swift */; };
		88068DBD1F6E3CDC001A3186 /* Toaster.swift in Sources */ = {isa = PBXBuildFile; fileRef = 88068DBC1F6E3CDC001A3186 /* Toaster.swift */; };
		88068DBF1F6E3CF0001A3186 /* SuccessToaster.swift in Sources */ = {isa = PBXBuildFile; fileRef = 88068DBE1F6E3CF0001A3186 /* SuccessToaster.swift */; };
		88068DC21F6E431F001A3186 /* IntroViewController.swift in Sources */ = {isa = PBXBuildFile; fileRef = 88068DC11F6E431F001A3186 /* IntroViewController.swift */; };
		88068DC41F6E43D0001A3186 /* intro.json in Resources */ = {isa = PBXBuildFile; fileRef = 88068DC31F6E43D0001A3186 /* intro.json */; };
		88068DC91F6E441E001A3186 /* img_0.png in Resources */ = {isa = PBXBuildFile; fileRef = 88068DC51F6E441E001A3186 /* img_0.png */; };
		88068DCA1F6E441E001A3186 /* img_1.png in Resources */ = {isa = PBXBuildFile; fileRef = 88068DC61F6E441E001A3186 /* img_1.png */; };
		88068DCB1F6E441E001A3186 /* img_2.png in Resources */ = {isa = PBXBuildFile; fileRef = 88068DC71F6E441E001A3186 /* img_2.png */; };
		88068DCC1F6E441E001A3186 /* img_3.png in Resources */ = {isa = PBXBuildFile; fileRef = 88068DC81F6E441E001A3186 /* img_3.png */; };
		88425C661F6DE07800B7A5F5 /* EMClientHelper.swift in Sources */ = {isa = PBXBuildFile; fileRef = 88425C641F6DDF8300B7A5F5 /* EMClientHelper.swift */; };
		88425C691F6DF91500B7A5F5 /* UIColor.swift in Sources */ = {isa = PBXBuildFile; fileRef = 88425C681F6DF91500B7A5F5 /* UIColor.swift */; };
		88425C6B1F6E050200B7A5F5 /* UIButton.swift in Sources */ = {isa = PBXBuildFile; fileRef = 88425C6A1F6E050200B7A5F5 /* UIButton.swift */; };
		88425C6D1F6E180600B7A5F5 /* UIImage.swift in Sources */ = {isa = PBXBuildFile; fileRef = 88425C6C1F6E180600B7A5F5 /* UIImage.swift */; };
		8872097C1F6DC56B00119165 /* ChatViewController.swift in Sources */ = {isa = PBXBuildFile; fileRef = 8872097B1F6DC56B00119165 /* ChatViewController.swift */; };
		88CA86EC1F6DBA370025BFB8 /* AppDelegate.swift in Sources */ = {isa = PBXBuildFile; fileRef = 88CA86EB1F6DBA370025BFB8 /* AppDelegate.swift */; };
		88CA86EE1F6DBA370025BFB8 /* MapViewController.swift in Sources */ = {isa = PBXBuildFile; fileRef = 88CA86ED1F6DBA370025BFB8 /* MapViewController.swift */; };
		88CA86F31F6DBA370025BFB8 /* Assets.xcassets in Resources */ = {isa = PBXBuildFile; fileRef = 88CA86F21F6DBA370025BFB8 /* Assets.xcassets */; };
		88CA86F61F6DBA370025BFB8 /* LaunchScreen.storyboard in Resources */ = {isa = PBXBuildFile; fileRef = 88CA86F41F6DBA370025BFB8 /* LaunchScreen.storyboard */; };
		E05AE7FCEF3D92FCFE30CE2C /* Pods_escape.framework in Frameworks */ = {isa = PBXBuildFile; fileRef = 5D042C27A153D4DA99EB87E4 /* Pods_escape.framework */; };
/* End PBXBuildFile section */

/* Begin PBXFileReference section */
		5D042C27A153D4DA99EB87E4 /* Pods_escape.framework */ = {isa = PBXFileReference; explicitFileType = wrapper.framework; includeInIndex = 0; path = Pods_escape.framework; sourceTree = BUILT_PRODUCTS_DIR; };
		88068DB61F6E3C84001A3186 /* ToasterHandler.swift */ = {isa = PBXFileReference; fileEncoding = 4; lastKnownFileType = sourcecode.swift; path = ToasterHandler.swift; sourceTree = "<group>"; };
		88068DB81F6E3C9F001A3186 /* ToasterView.swift */ = {isa = PBXFileReference; fileEncoding = 4; lastKnownFileType = sourcecode.swift; path = ToasterView.swift; sourceTree = "<group>"; };
		88068DBA1F6E3CBB001A3186 /* ToasterViewDelegate.swift */ = {isa = PBXFileReference; fileEncoding = 4; lastKnownFileType = sourcecode.swift; path = ToasterViewDelegate.swift; sourceTree = "<group>"; };
		88068DBC1F6E3CDC001A3186 /* Toaster.swift */ = {isa = PBXFileReference; fileEncoding = 4; lastKnownFileType = sourcecode.swift; path = Toaster.swift; sourceTree = "<group>"; };
		88068DBE1F6E3CF0001A3186 /* SuccessToaster.swift */ = {isa = PBXFileReference; fileEncoding = 4; lastKnownFileType = sourcecode.swift; path = SuccessToaster.swift; sourceTree = "<group>"; };
		88068DC11F6E431F001A3186 /* IntroViewController.swift */ = {isa = PBXFileReference; fileEncoding = 4; lastKnownFileType = sourcecode.swift; path = IntroViewController.swift; sourceTree = "<group>"; };
		88068DC31F6E43D0001A3186 /* intro.json */ = {isa = PBXFileReference; fileEncoding = 4; lastKnownFileType = text.json; path = intro.json; sourceTree = "<group>"; };
		88068DC51F6E441E001A3186 /* img_0.png */ = {isa = PBXFileReference; lastKnownFileType = image.png; path = img_0.png; sourceTree = "<group>"; };
		88068DC61F6E441E001A3186 /* img_1.png */ = {isa = PBXFileReference; lastKnownFileType = image.png; path = img_1.png; sourceTree = "<group>"; };
		88068DC71F6E441E001A3186 /* img_2.png */ = {isa = PBXFileReference; lastKnownFileType = image.png; path = img_2.png; sourceTree = "<group>"; };
		88068DC81F6E441E001A3186 /* img_3.png */ = {isa = PBXFileReference; lastKnownFileType = image.png; path = img_3.png; sourceTree = "<group>"; };
		88425C641F6DDF8300B7A5F5 /* EMClientHelper.swift */ = {isa = PBXFileReference; fileEncoding = 4; lastKnownFileType = sourcecode.swift; path = EMClientHelper.swift; sourceTree = "<group>"; };
		88425C681F6DF91500B7A5F5 /* UIColor.swift */ = {isa = PBXFileReference; fileEncoding = 4; lastKnownFileType = sourcecode.swift; path = UIColor.swift; sourceTree = "<group>"; };
		88425C6A1F6E050200B7A5F5 /* UIButton.swift */ = {isa = PBXFileReference; fileEncoding = 4; lastKnownFileType = sourcecode.swift; path = UIButton.swift; sourceTree = "<group>"; };
		88425C6C1F6E180600B7A5F5 /* UIImage.swift */ = {isa = PBXFileReference; fileEncoding = 4; lastKnownFileType = sourcecode.swift; path = UIImage.swift; sourceTree = "<group>"; };
		8872097B1F6DC56B00119165 /* ChatViewController.swift */ = {isa = PBXFileReference; fileEncoding = 4; lastKnownFileType = sourcecode.swift; path = ChatViewController.swift; sourceTree = "<group>"; };
		88CA86E81F6DBA370025BFB8 /* EscapeCarPool.app */ = {isa = PBXFileReference; explicitFileType = wrapper.application; includeInIndex = 0; path = EscapeCarPool.app; sourceTree = BUILT_PRODUCTS_DIR; };
		88CA86EB1F6DBA370025BFB8 /* AppDelegate.swift */ = {isa = PBXFileReference; lastKnownFileType = sourcecode.swift; path = AppDelegate.swift; sourceTree = "<group>"; };
		88CA86ED1F6DBA370025BFB8 /* MapViewController.swift */ = {isa = PBXFileReference; lastKnownFileType = sourcecode.swift; path = MapViewController.swift; sourceTree = "<group>"; };
		88CA86F21F6DBA370025BFB8 /* Assets.xcassets */ = {isa = PBXFileReference; lastKnownFileType = folder.assetcatalog; path = Assets.xcassets; sourceTree = "<group>"; };
		88CA86F51F6DBA370025BFB8 /* Base */ = {isa = PBXFileReference; lastKnownFileType = file.storyboard; name = Base; path = Base.lproj/LaunchScreen.storyboard; sourceTree = "<group>"; };
		88CA86F71F6DBA370025BFB8 /* Info.plist */ = {isa = PBXFileReference; lastKnownFileType = text.plist.xml; path = Info.plist; sourceTree = "<group>"; };
		B13E92FB81E16B637A5FC9E6 /* Pods-escape.debug.xcconfig */ = {isa = PBXFileReference; includeInIndex = 1; lastKnownFileType = text.xcconfig; name = "Pods-escape.debug.xcconfig"; path = "Pods/Target Support Files/Pods-escape/Pods-escape.debug.xcconfig"; sourceTree = "<group>"; };
		D8F3D0CF493BE3CBBA8F820F /* Pods-escape.release.xcconfig */ = {isa = PBXFileReference; includeInIndex = 1; lastKnownFileType = text.xcconfig; name = "Pods-escape.release.xcconfig"; path = "Pods/Target Support Files/Pods-escape/Pods-escape.release.xcconfig"; sourceTree = "<group>"; };
/* End PBXFileReference section */

/* Begin PBXFrameworksBuildPhase section */
		88CA86E51F6DBA370025BFB8 /* Frameworks */ = {
			isa = PBXFrameworksBuildPhase;
			buildActionMask = 2147483647;
			files = (
				E05AE7FCEF3D92FCFE30CE2C /* Pods_escape.framework in Frameworks */,
			);
			runOnlyForDeploymentPostprocessing = 0;
		};
/* End PBXFrameworksBuildPhase section */

/* Begin PBXGroup section */
		5BACF360EB172A0373BA7FAD /* Pods */ = {
			isa = PBXGroup;
			children = (
				B13E92FB81E16B637A5FC9E6 /* Pods-escape.debug.xcconfig */,
				D8F3D0CF493BE3CBBA8F820F /* Pods-escape.release.xcconfig */,
			);
			name = Pods;
			sourceTree = "<group>";
		};
		88068DC01F6E4021001A3186 /* Toasters */ = {
			isa = PBXGroup;
			children = (
				88068DB61F6E3C84001A3186 /* ToasterHandler.swift */,
				88068DB81F6E3C9F001A3186 /* ToasterView.swift */,
				88068DBA1F6E3CBB001A3186 /* ToasterViewDelegate.swift */,
				88068DBC1F6E3CDC001A3186 /* Toaster.swift */,
				88068DBE1F6E3CF0001A3186 /* SuccessToaster.swift */,
			);
			name = Toasters;
			sourceTree = "<group>";
		};
		88425C671F6DF90800B7A5F5 /* Extensions */ = {
			isa = PBXGroup;
			children = (
				88425C681F6DF91500B7A5F5 /* UIColor.swift */,
				88425C6A1F6E050200B7A5F5 /* UIButton.swift */,
				88425C6C1F6E180600B7A5F5 /* UIImage.swift */,
			);
			name = Extensions;
			sourceTree = "<group>";
		};
		8872097D1F6DC58500119165 /* Resources */ = {
			isa = PBXGroup;
			children = (
				88068DC51F6E441E001A3186 /* img_0.png */,
				88068DC61F6E441E001A3186 /* img_1.png */,
				88068DC71F6E441E001A3186 /* img_2.png */,
				88068DC81F6E441E001A3186 /* img_3.png */,
				88068DC31F6E43D0001A3186 /* intro.json */,
				88CA86F21F6DBA370025BFB8 /* Assets.xcassets */,
				88CA86F41F6DBA370025BFB8 /* LaunchScreen.storyboard */,
				88CA86F71F6DBA370025BFB8 /* Info.plist */,
			);
			name = Resources;
			sourceTree = "<group>";
		};
		88CA86DF1F6DBA370025BFB8 = {
			isa = PBXGroup;
			children = (
				88CA86EA1F6DBA370025BFB8 /* escape */,
				88CA86E91F6DBA370025BFB8 /* Products */,
				5BACF360EB172A0373BA7FAD /* Pods */,
				E149B787C4EB9E3D31D8C02B /* Frameworks */,
			);
			sourceTree = "<group>";
		};
		88CA86E91F6DBA370025BFB8 /* Products */ = {
			isa = PBXGroup;
			children = (
				88CA86E81F6DBA370025BFB8 /* EscapeCarPool.app */,
			);
			name = Products;
			sourceTree = "<group>";
		};
		88CA86EA1F6DBA370025BFB8 /* escape */ = {
			isa = PBXGroup;
			children = (
				88068DC01F6E4021001A3186 /* Toasters */,
				88425C671F6DF90800B7A5F5 /* Extensions */,
				8872097D1F6DC58500119165 /* Resources */,
				88CA86EB1F6DBA370025BFB8 /* AppDelegate.swift */,
				88068DC11F6E431F001A3186 /* IntroViewController.swift */,
				88CA86ED1F6DBA370025BFB8 /* MapViewController.swift */,
				8872097B1F6DC56B00119165 /* ChatViewController.swift */,
				88425C641F6DDF8300B7A5F5 /* EMClientHelper.swift */,
			);
			path = escape;
			sourceTree = "<group>";
		};
		E149B787C4EB9E3D31D8C02B /* Frameworks */ = {
			isa = PBXGroup;
			children = (
				5D042C27A153D4DA99EB87E4 /* Pods_escape.framework */,
			);
			name = Frameworks;
			sourceTree = "<group>";
		};
/* End PBXGroup section */

/* Begin PBXNativeTarget section */
		88CA86E71F6DBA370025BFB8 /* escape */ = {
			isa = PBXNativeTarget;
			buildConfigurationList = 88CA86FA1F6DBA370025BFB8 /* Build configuration list for PBXNativeTarget "escape" */;
			buildPhases = (
				19358E28C22FD37432DC4FE5 /* [CP] Check Pods Manifest.lock */,
				88CA86E41F6DBA370025BFB8 /* Sources */,
				88CA86E51F6DBA370025BFB8 /* Frameworks */,
				88CA86E61F6DBA370025BFB8 /* Resources */,
				E882D5A2817877F904BC26FE /* [CP] Embed Pods Frameworks */,
				2E7687A2C0D28F46A42DE18B /* [CP] Copy Pods Resources */,
			);
			buildRules = (
			);
			dependencies = (
			);
			name = escape;
			productName = escape;
			productReference = 88CA86E81F6DBA370025BFB8 /* EscapeCarPool.app */;
			productType = "com.apple.product-type.application";
		};
/* End PBXNativeTarget section */

/* Begin PBXProject section */
		88CA86E01F6DBA370025BFB8 /* Project object */ = {
			isa = PBXProject;
			attributes = {
				LastSwiftUpdateCheck = 0830;
				LastUpgradeCheck = 0830;
				ORGANIZATIONNAME = "Yury Dymov";
				TargetAttributes = {
					88CA86E71F6DBA370025BFB8 = {
						CreatedOnToolsVersion = 8.3.3;
						DevelopmentTeam = MZB6PA9Q2Y;
						ProvisioningStyle = Automatic;
					};
				};
			};
			buildConfigurationList = 88CA86E31F6DBA370025BFB8 /* Build configuration list for PBXProject "escape" */;
			compatibilityVersion = "Xcode 3.2";
			developmentRegion = English;
			hasScannedForEncodings = 0;
			knownRegions = (
				en,
				Base,
			);
			mainGroup = 88CA86DF1F6DBA370025BFB8;
			productRefGroup = 88CA86E91F6DBA370025BFB8 /* Products */;
			projectDirPath = "";
			projectRoot = "";
			targets = (
				88CA86E71F6DBA370025BFB8 /* escape */,
			);
		};
/* End PBXProject section */

/* Begin PBXResourcesBuildPhase section */
		88CA86E61F6DBA370025BFB8 /* Resources */ = {
			isa = PBXResourcesBuildPhase;
			buildActionMask = 2147483647;
			files = (
				88068DC91F6E441E001A3186 /* img_0.png in Resources */,
				88068DCC1F6E441E001A3186 /* img_3.png in Resources */,
				88CA86F61F6DBA370025BFB8 /* LaunchScreen.storyboard in Resources */,
				88068DCB1F6E441E001A3186 /* img_2.png in Resources */,
				88CA86F31F6DBA370025BFB8 /* Assets.xcassets in Resources */,
				88068DCA1F6E441E001A3186 /* img_1.png in Resources */,
				88068DC41F6E43D0001A3186 /* intro.json in Resources */,
			);
			runOnlyForDeploymentPostprocessing = 0;
		};
/* End PBXResourcesBuildPhase section */

/* Begin PBXShellScriptBuildPhase section */
		19358E28C22FD37432DC4FE5 /* [CP] Check Pods Manifest.lock */ = {
			isa = PBXShellScriptBuildPhase;
			buildActionMask = 2147483647;
			files = (
			);
			inputPaths = (
				"${PODS_PODFILE_DIR_PATH}/Podfile.lock",
				"${PODS_ROOT}/Manifest.lock",
			);
			name = "[CP] Check Pods Manifest.lock";
			outputPaths = (
				"$(DERIVED_FILE_DIR)/Pods-escape-checkManifestLockResult.txt",
			);
			runOnlyForDeploymentPostprocessing = 0;
			shellPath = /bin/sh;
			shellScript = "diff \"${PODS_PODFILE_DIR_PATH}/Podfile.lock\" \"${PODS_ROOT}/Manifest.lock\" > /dev/null\nif [ $? != 0 ] ; then\n    # print error to STDERR\n    echo \"error: The sandbox is not in sync with the Podfile.lock. Run 'pod install' or update your CocoaPods installation.\" >&2\n    exit 1\nfi\n# This output is used by Xcode 'outputs' to avoid re-running this script phase.\necho \"SUCCESS\" > \"${SCRIPT_OUTPUT_FILE_0}\"\n";
			showEnvVarsInLog = 0;
		};
		2E7687A2C0D28F46A42DE18B /* [CP] Copy Pods Resources */ = {
			isa = PBXShellScriptBuildPhase;
			buildActionMask = 2147483647;
			files = (
			);
			inputPaths = (
				"${SRCROOT}/Pods/Target Support Files/Pods-escape/Pods-escape-resources.sh",
				"${PODS_ROOT}/ArcGIS-Runtime-SDK-iOS/ArcGIS.framework/Versions/Current/Resources/ArcGIS.bundle",
			);
			name = "[CP] Copy Pods Resources";
			outputPaths = (
				"${TARGET_BUILD_DIR}/${UNLOCALIZED_RESOURCES_FOLDER_PATH}",
			);
			runOnlyForDeploymentPostprocessing = 0;
			shellPath = /bin/sh;
			shellScript = "\"${SRCROOT}/Pods/Target Support Files/Pods-escape/Pods-escape-resources.sh\"\n";
			showEnvVarsInLog = 0;
		};
		E882D5A2817877F904BC26FE /* [CP] Embed Pods Frameworks */ = {
			isa = PBXShellScriptBuildPhase;
			buildActionMask = 2147483647;
			files = (
			);
			inputPaths = (
				"${SRCROOT}/Pods/Target Support Files/Pods-escape/Pods-escape-frameworks.sh",
				"${BUILT_PRODUCTS_DIR}/Cartography/Cartography.framework",
				"${PODS_ROOT}/Hyphenate/ios_IM_Hyphenate_sdk_3.3.4r1/HyphenateFullSDK/Hyphenate.framework",
				"${BUILT_PRODUCTS_DIR}/lottie-ios/Lottie.framework",
			);
			name = "[CP] Embed Pods Frameworks";
			outputPaths = (
				"${TARGET_BUILD_DIR}/${FRAMEWORKS_FOLDER_PATH}/Cartography.framework",
				"${TARGET_BUILD_DIR}/${FRAMEWORKS_FOLDER_PATH}/Hyphenate.framework",
				"${TARGET_BUILD_DIR}/${FRAMEWORKS_FOLDER_PATH}/Lottie.framework",
			);
			runOnlyForDeploymentPostprocessing = 0;
			shellPath = /bin/sh;
			shellScript = "\"${SRCROOT}/Pods/Target Support Files/Pods-escape/Pods-escape-frameworks.sh\"\n";
			showEnvVarsInLog = 0;
		};
/* End PBXShellScriptBuildPhase section */

/* Begin PBXSourcesBuildPhase section */
		88CA86E41F6DBA370025BFB8 /* Sources */ = {
			isa = PBXSourcesBuildPhase;
			buildActionMask = 2147483647;
			files = (
				88425C661F6DE07800B7A5F5 /* EMClientHelper.swift in Sources */,
				88068DC21F6E431F001A3186 /* IntroViewController.swift in Sources */,
				88CA86EE1F6DBA370025BFB8 /* MapViewController.swift in Sources */,
				88068DBF1F6E3CF0001A3186 /* SuccessToaster.swift in Sources */,
				88068DBB1F6E3CBB001A3186 /* ToasterViewDelegate.swift in Sources */,
				88068DB91F6E3C9F001A3186 /* ToasterView.swift in Sources */,
				88068DBD1F6E3CDC001A3186 /* Toaster.swift in Sources */,
				8872097C1F6DC56B00119165 /* ChatViewController.swift in Sources */,
				88CA86EC1F6DBA370025BFB8 /* AppDelegate.swift in Sources */,
				88425C691F6DF91500B7A5F5 /* UIColor.swift in Sources */,
				88425C6B1F6E050200B7A5F5 /* UIButton.swift in Sources */,
				88425C6D1F6E180600B7A5F5 /* UIImage.swift in Sources */,
				88068DB71F6E3C84001A3186 /* ToasterHandler.swift in Sources */,
			);
			runOnlyForDeploymentPostprocessing = 0;
		};
/* End PBXSourcesBuildPhase section */

/* Begin PBXVariantGroup section */
		88CA86F41F6DBA370025BFB8 /* LaunchScreen.storyboard */ = {
			isa = PBXVariantGroup;
			children = (
				88CA86F51F6DBA370025BFB8 /* Base */,
			);
			name = LaunchScreen.storyboard;
			sourceTree = "<group>";
		};
/* End PBXVariantGroup section */

/* Begin XCBuildConfiguration section */
		88CA86F81F6DBA370025BFB8 /* Debug */ = {
			isa = XCBuildConfiguration;
			buildSettings = {
				ALWAYS_SEARCH_USER_PATHS = NO;
				CLANG_ANALYZER_NONNULL = YES;
				CLANG_ANALYZER_NUMBER_OBJECT_CONVERSION = YES_AGGRESSIVE;
				CLANG_CXX_LANGUAGE_STANDARD = "gnu++0x";
				CLANG_CXX_LIBRARY = "libc++";
				CLANG_ENABLE_MODULES = YES;
				CLANG_ENABLE_OBJC_ARC = YES;
				CLANG_WARN_BOOL_CONVERSION = YES;
				CLANG_WARN_CONSTANT_CONVERSION = YES;
				CLANG_WARN_DIRECT_OBJC_ISA_USAGE = YES_ERROR;
				CLANG_WARN_DOCUMENTATION_COMMENTS = YES;
				CLANG_WARN_EMPTY_BODY = YES;
				CLANG_WARN_ENUM_CONVERSION = YES;
				CLANG_WARN_INFINITE_RECURSION = YES;
				CLANG_WARN_INT_CONVERSION = YES;
				CLANG_WARN_OBJC_ROOT_CLASS = YES_ERROR;
				CLANG_WARN_SUSPICIOUS_MOVE = YES;
				CLANG_WARN_UNREACHABLE_CODE = YES;
				CLANG_WARN__DUPLICATE_METHOD_MATCH = YES;
				"CODE_SIGN_IDENTITY[sdk=iphoneos*]" = "iPhone Developer";
				COPY_PHASE_STRIP = NO;
				DEBUG_INFORMATION_FORMAT = dwarf;
				ENABLE_STRICT_OBJC_MSGSEND = YES;
				ENABLE_TESTABILITY = YES;
				GCC_C_LANGUAGE_STANDARD = gnu99;
				GCC_DYNAMIC_NO_PIC = NO;
				GCC_NO_COMMON_BLOCKS = YES;
				GCC_OPTIMIZATION_LEVEL = 0;
				GCC_PREPROCESSOR_DEFINITIONS = (
					"DEBUG=1",
					"$(inherited)",
				);
				GCC_WARN_64_TO_32_BIT_CONVERSION = YES;
				GCC_WARN_ABOUT_RETURN_TYPE = YES_ERROR;
				GCC_WARN_UNDECLARED_SELECTOR = YES;
				GCC_WARN_UNINITIALIZED_AUTOS = YES_AGGRESSIVE;
				GCC_WARN_UNUSED_FUNCTION = YES;
				GCC_WARN_UNUSED_VARIABLE = YES;
				IPHONEOS_DEPLOYMENT_TARGET = 10.3;
				MTL_ENABLE_DEBUG_INFO = YES;
				ONLY_ACTIVE_ARCH = YES;
				SDKROOT = iphoneos;
				SWIFT_ACTIVE_COMPILATION_CONDITIONS = DEBUG;
				SWIFT_OPTIMIZATION_LEVEL = "-Onone";
				TARGETED_DEVICE_FAMILY = "1,2";
			};
			name = Debug;
		};
		88CA86F91F6DBA370025BFB8 /* Release */ = {
			isa = XCBuildConfiguration;
			buildSettings = {
				ALWAYS_SEARCH_USER_PATHS = NO;
				CLANG_ANALYZER_NONNULL = YES;
				CLANG_ANALYZER_NUMBER_OBJECT_CONVERSION = YES_AGGRESSIVE;
				CLANG_CXX_LANGUAGE_STANDARD = "gnu++0x";
				CLANG_CXX_LIBRARY = "libc++";
				CLANG_ENABLE_MODULES = YES;
				CLANG_ENABLE_OBJC_ARC = YES;
				CLANG_WARN_BOOL_CONVERSION = YES;
				CLANG_WARN_CONSTANT_CONVERSION = YES;
				CLANG_WARN_DIRECT_OBJC_ISA_USAGE = YES_ERROR;
				CLANG_WARN_DOCUMENTATION_COMMENTS = YES;
				CLANG_WARN_EMPTY_BODY = YES;
				CLANG_WARN_ENUM_CONVERSION = YES;
				CLANG_WARN_INFINITE_RECURSION = YES;
				CLANG_WARN_INT_CONVERSION = YES;
				CLANG_WARN_OBJC_ROOT_CLASS = YES_ERROR;
				CLANG_WARN_SUSPICIOUS_MOVE = YES;
				CLANG_WARN_UNREACHABLE_CODE = YES;
				CLANG_WARN__DUPLICATE_METHOD_MATCH = YES;
				"CODE_SIGN_IDENTITY[sdk=iphoneos*]" = "iPhone Developer";
				COPY_PHASE_STRIP = NO;
				DEBUG_INFORMATION_FORMAT = "dwarf-with-dsym";
				ENABLE_NS_ASSERTIONS = NO;
				ENABLE_STRICT_OBJC_MSGSEND = YES;
				GCC_C_LANGUAGE_STANDARD = gnu99;
				GCC_NO_COMMON_BLOCKS = YES;
				GCC_WARN_64_TO_32_BIT_CONVERSION = YES;
				GCC_WARN_ABOUT_RETURN_TYPE = YES_ERROR;
				GCC_WARN_UNDECLARED_SELECTOR = YES;
				GCC_WARN_UNINITIALIZED_AUTOS = YES_AGGRESSIVE;
				GCC_WARN_UNUSED_FUNCTION = YES;
				GCC_WARN_UNUSED_VARIABLE = YES;
				IPHONEOS_DEPLOYMENT_TARGET = 10.3;
				MTL_ENABLE_DEBUG_INFO = NO;
				SDKROOT = iphoneos;
				SWIFT_OPTIMIZATION_LEVEL = "-Owholemodule";
				TARGETED_DEVICE_FAMILY = "1,2";
				VALIDATE_PRODUCT = YES;
			};
			name = Release;
		};
		88CA86FB1F6DBA370025BFB8 /* Debug */ = {
			isa = XCBuildConfiguration;
			baseConfigurationReference = B13E92FB81E16B637A5FC9E6 /* Pods-escape.debug.xcconfig */;
			buildSettings = {
				ASSETCATALOG_COMPILER_APPICON_NAME = AppIcon;
				DEVELOPMENT_TEAM = MZB6PA9Q2Y;
				INFOPLIST_FILE = escape/Info.plist;
				IPHONEOS_DEPLOYMENT_TARGET = 10.0;
				LD_RUNPATH_SEARCH_PATHS = "$(inherited) @executable_path/Frameworks";
				PRODUCT_BUNDLE_IDENTIFIER = com.healthtap.escape;
				PRODUCT_NAME = EscapeCarPool;
				SWIFT_VERSION = 3.0;
			};
			name = Debug;
		};
		88CA86FC1F6DBA370025BFB8 /* Release */ = {
			isa = XCBuildConfiguration;
			baseConfigurationReference = D8F3D0CF493BE3CBBA8F820F /* Pods-escape.release.xcconfig */;
			buildSettings = {
				ASSETCATALOG_COMPILER_APPICON_NAME = AppIcon;
				DEVELOPMENT_TEAM = MZB6PA9Q2Y;
				INFOPLIST_FILE = escape/Info.plist;
				IPHONEOS_DEPLOYMENT_TARGET = 10.0;
				LD_RUNPATH_SEARCH_PATHS = "$(inherited) @executable_path/Frameworks";
				PRODUCT_BUNDLE_IDENTIFIER = com.healthtap.escape;
				PRODUCT_NAME = EscapeCarPool;
				SWIFT_VERSION = 3.0;
			};
			name = Release;
		};
/* End XCBuildConfiguration section */

/* Begin XCConfigurationList section */
		88CA86E31F6DBA370025BFB8 /* Build configuration list for PBXProject "escape" */ = {
			isa = XCConfigurationList;
			buildConfigurations = (
				88CA86F81F6DBA370025BFB8 /* Debug */,
				88CA86F91F6DBA370025BFB8 /* Release */,
			);
			defaultConfigurationIsVisible = 0;
			defaultConfigurationName = Release;
		};
		88CA86FA1F6DBA370025BFB8 /* Build configuration list for PBXNativeTarget "escape" */ = {
			isa = XCConfigurationList;
			buildConfigurations = (
				88CA86FB1F6DBA370025BFB8 /* Debug */,
				88CA86FC1F6DBA370025BFB8 /* Release */,
			);
			defaultConfigurationIsVisible = 0;
			defaultConfigurationName = Release;
		};
/* End XCConfigurationList section */
	};
	rootObject = 88CA86E01F6DBA370025BFB8 /* Project object */;
}
